
Microsoft Visual Studio Solution File, Format Version 12.00
# Visual Studio Version 17
VisualStudioVersion = 17.4.33205.214
MinimumVisualStudioVersion = 10.0.40219.1
Project("{FAE04EC0-301F-11D3-BF4B-00C04F79EFBC}") = "MediaConverter", "MediaConverter.csproj", "{496ECA23-956D-41F6-84BC-D482AB848521}"
EndProject
Global
	GlobalSection(SolutionConfigurationPlatforms) = preSolution
		Debug|Any CPU = Debug|Any CPU
		Release|Any CPU = Release|Any CPU
	EndGlobalSection
	GlobalSection(ProjectConfigurationPlatforms) = postSolution
		{496ECA23-956D-41F6-84BC-D482AB848521}.Debug|Any CPU.ActiveCfg = Debug|Any CPU
		{496ECA23-956D-41F6-84BC-D482AB848521}.Debug|Any CPU.Build.0 = Debug|Any CPU
		{496ECA23-956D-41F6-84BC-D482AB848521}.Release|Any CPU.ActiveCfg = Release|Any CPU
		{496ECA23-956D-41F6-84BC-D482AB848521}.Release|Any CPU.Build.0 = Release|Any CPU
	EndGlobalSection
	GlobalSection(SolutionProperties) = preSolution
		HideSolutionNode = FALSE
	EndGlobalSection
	GlobalSection(ExtensibilityGlobals) = postSolution
		SolutionGuid = {8652645D-E2E7-48D8-9A53-24C45D1E3BC3}
	EndGlobalSection
EndGlobal
