
Microsoft Visual Studio Solution File, Format Version 12.00
# Visual Studio Version 17
VisualStudioVersion = 17.4.33205.214
MinimumVisualStudioVersion = 10.0.40219.1
Project("{9A19103F-16F7-4668-BE54-9A1E7A4F7556}") = "MediaConverter.ConsoleClient", "MediaConverter.Console\MediaConverter.ConsoleClient.csproj", "{B148BF35-B6E7-4CF3-97B9-F650B9CDCEE3}"
EndProject
Project("{9A19103F-16F7-4668-BE54-9A1E7A4F7556}") = "MediaConverter.Core", "MediaConverter.Core\MediaConverter.Core.csproj", "{8E6802B0-B73A-46F4-A064-A747CF57F336}"
EndProject
Global
	GlobalSection(SolutionConfigurationPlatforms) = preSolution
		Debug|Any CPU = Debug|Any CPU
		Release|Any CPU = Release|Any CPU
	EndGlobalSection
	GlobalSection(ProjectConfigurationPlatforms) = postSolution
		{B148BF35-B6E7-4CF3-97B9-F650B9CDCEE3}.Debug|Any CPU.ActiveCfg = Debug|Any CPU
		{B148BF35-B6E7-4CF3-97B9-F650B9CDCEE3}.Debug|Any CPU.Build.0 = Debug|Any CPU
		{B148BF35-B6E7-4CF3-97B9-F650B9CDCEE3}.Release|Any CPU.ActiveCfg = Release|Any CPU
		{B148BF35-B6E7-4CF3-97B9-F650B9CDCEE3}.Release|Any CPU.Build.0 = Release|Any CPU
		{8E6802B0-B73A-46F4-A064-A747CF57F336}.Debug|Any CPU.ActiveCfg = Debug|Any CPU
		{8E6802B0-B73A-46F4-A064-A747CF57F336}.Debug|Any CPU.Build.0 = Debug|Any CPU
		{8E6802B0-B73A-46F4-A064-A747CF57F336}.Release|Any CPU.ActiveCfg = Release|Any CPU
		{8E6802B0-B73A-46F4-A064-A747CF57F336}.Release|Any CPU.Build.0 = Release|Any CPU
	EndGlobalSection
	GlobalSection(SolutionProperties) = preSolution
		HideSolutionNode = FALSE
	EndGlobalSection
	GlobalSection(ExtensibilityGlobals) = postSolution
		SolutionGuid = {8652645D-E2E7-48D8-9A53-24C45D1E3BC3}
	EndGlobalSection
EndGlobal
